// !$*UTF8*$!
{
	archiveVersion = 1;
	classes = {
	};
	objectVersion = 56;
	objects = {

/* Begin PBXBuildFile section */
		77E1B8D329142D3800F1CD2C /* VirtualPantryApp.swift in Sources */ = {isa = PBXBuildFile; fileRef = 77E1B8D229142D3800F1CD2C /* VirtualPantryApp.swift */; };
		77E1B8D529142D3800F1CD2C /* ContentView.swift in Sources */ = {isa = PBXBuildFile; fileRef = 77E1B8D429142D3800F1CD2C /* ContentView.swift */; };
		77E1B8D729142D3A00F1CD2C /* Assets.xcassets in Resources */ = {isa = PBXBuildFile; fileRef = 77E1B8D629142D3A00F1CD2C /* Assets.xcassets */; };
		77E1B8DA29142D3A00F1CD2C /* Preview Assets.xcassets in Resources */ = {isa = PBXBuildFile; fileRef = 77E1B8D929142D3A00F1CD2C /* Preview Assets.xcassets */; };
		77E1B8E429142D3B00F1CD2C /* VirtualPantryTests.swift in Sources */ = {isa = PBXBuildFile; fileRef = 77E1B8E329142D3B00F1CD2C /* VirtualPantryTests.swift */; };
		77E1B8EE29142D3B00F1CD2C /* VirtualPantryUITests.swift in Sources */ = {isa = PBXBuildFile; fileRef = 77E1B8ED29142D3B00F1CD2C /* VirtualPantryUITests.swift */; };
		77E1B8F029142D3B00F1CD2C /* VirtualPantryUITestsLaunchTests.swift in Sources */ = {isa = PBXBuildFile; fileRef = 77E1B8EF29142D3B00F1CD2C /* VirtualPantryUITestsLaunchTests.swift */; };
/* End PBXBuildFile section */

/* Begin PBXContainerItemProxy section */
		77E1B8E029142D3B00F1CD2C /* PBXContainerItemProxy */ = {
			isa = PBXContainerItemProxy;
			containerPortal = 77E1B8C729142D3800F1CD2C /* Project object */;
			proxyType = 1;
			remoteGlobalIDString = 77E1B8CE29142D3800F1CD2C;
			remoteInfo = VirtualPantry;
		};
		77E1B8EA29142D3B00F1CD2C /* PBXContainerItemProxy */ = {
			isa = PBXContainerItemProxy;
			containerPortal = 77E1B8C729142D3800F1CD2C /* Project object */;
			proxyType = 1;
			remoteGlobalIDString = 77E1B8CE29142D3800F1CD2C;
			remoteInfo = VirtualPantry;
		};
/* End PBXContainerItemProxy section */

/* Begin PBXFileReference section */
		77E1B8CF29142D3800F1CD2C /* VirtualPantry.app */ = {isa = PBXFileReference; explicitFileType = wrapper.application; includeInIndex = 0; path = VirtualPantry.app; sourceTree = BUILT_PRODUCTS_DIR; };
		77E1B8D229142D3800F1CD2C /* VirtualPantryApp.swift */ = {isa = PBXFileReference; lastKnownFileType = sourcecode.swift; path = VirtualPantryApp.swift; sourceTree = "<group>"; };
		77E1B8D429142D3800F1CD2C /* ContentView.swift */ = {isa = PBXFileReference; lastKnownFileType = sourcecode.swift; path = ContentView.swift; sourceTree = "<group>"; };
		77E1B8D629142D3A00F1CD2C /* Assets.xcassets */ = {isa = PBXFileReference; lastKnownFileType = folder.assetcatalog; path = Assets.xcassets; sourceTree = "<group>"; };
		77E1B8D929142D3A00F1CD2C /* Preview Assets.xcassets */ = {isa = PBXFileReference; lastKnownFileType = folder.assetcatalog; path = "Preview Assets.xcassets"; sourceTree = "<group>"; };
		77E1B8DF29142D3B00F1CD2C /* VirtualPantryTests.xctest */ = {isa = PBXFileReference; explicitFileType = wrapper.cfbundle; includeInIndex = 0; path = VirtualPantryTests.xctest; sourceTree = BUILT_PRODUCTS_DIR; };
		77E1B8E329142D3B00F1CD2C /* VirtualPantryTests.swift */ = {isa = PBXFileReference; lastKnownFileType = sourcecode.swift; path = VirtualPantryTests.swift; sourceTree = "<group>"; };
		77E1B8E929142D3B00F1CD2C /* VirtualPantryUITests.xctest */ = {isa = PBXFileReference; explicitFileType = wrapper.cfbundle; includeInIndex = 0; path = VirtualPantryUITests.xctest; sourceTree = BUILT_PRODUCTS_DIR; };
		77E1B8ED29142D3B00F1CD2C /* VirtualPantryUITests.swift */ = {isa = PBXFileReference; lastKnownFileType = sourcecode.swift; path = VirtualPantryUITests.swift; sourceTree = "<group>"; };
		77E1B8EF29142D3B00F1CD2C /* VirtualPantryUITestsLaunchTests.swift */ = {isa = PBXFileReference; lastKnownFileType = sourcecode.swift; path = VirtualPantryUITestsLaunchTests.swift; sourceTree = "<group>"; };
/* End PBXFileReference section */

/* Begin PBXFrameworksBuildPhase section */
		77E1B8CC29142D3800F1CD2C /* Frameworks */ = {
			isa = PBXFrameworksBuildPhase;
			buildActionMask = 2147483647;
			files = (
			);
			runOnlyForDeploymentPostprocessing = 0;
		};
		77E1B8DC29142D3B00F1CD2C /* Frameworks */ = {
			isa = PBXFrameworksBuildPhase;
			buildActionMask = 2147483647;
			files = (
			);
			runOnlyForDeploymentPostprocessing = 0;
		};
		77E1B8E629142D3B00F1CD2C /* Frameworks */ = {
			isa = PBXFrameworksBuildPhase;
			buildActionMask = 2147483647;
			files = (
			);
			runOnlyForDeploymentPostprocessing = 0;
		};
/* End PBXFrameworksBuildPhase section */

/* Begin PBXGroup section */
		77E1B8C629142D3800F1CD2C = {
			isa = PBXGroup;
			children = (
				77E1B8D129142D3800F1CD2C /* VirtualPantry */,
				77E1B8E229142D3B00F1CD2C /* VirtualPantryTests */,
				77E1B8EC29142D3B00F1CD2C /* VirtualPantryUITests */,
				77E1B8D029142D3800F1CD2C /* Products */,
			);
			sourceTree = "<group>";
		};
		77E1B8D029142D3800F1CD2C /* Products */ = {
			isa = PBXGroup;
			children = (
				77E1B8CF29142D3800F1CD2C /* VirtualPantry.app */,
				77E1B8DF29142D3B00F1CD2C /* VirtualPantryTests.xctest */,
				77E1B8E929142D3B00F1CD2C /* VirtualPantryUITests.xctest */,
			);
			name = Products;
			sourceTree = "<group>";
		};
		77E1B8D129142D3800F1CD2C /* VirtualPantry */ = {
			isa = PBXGroup;
			children = (
				77E1B8D229142D3800F1CD2C /* VirtualPantryApp.swift */,
				77E1B8D429142D3800F1CD2C /* ContentView.swift */,
				77E1B8D629142D3A00F1CD2C /* Assets.xcassets */,
				77E1B8D829142D3A00F1CD2C /* Preview Content */,
			);
			path = VirtualPantry;
			sourceTree = "<group>";
		};
		77E1B8D829142D3A00F1CD2C /* Preview Content */ = {
			isa = PBXGroup;
			children = (
				77E1B8D929142D3A00F1CD2C /* Preview Assets.xcassets */,
			);
			path = "Preview Content";
			sourceTree = "<group>";
		};
		77E1B8E229142D3B00F1CD2C /* VirtualPantryTests */ = {
			isa = PBXGroup;
			children = (
				77E1B8E329142D3B00F1CD2C /* VirtualPantryTests.swift */,
			);
			path = VirtualPantryTests;
			sourceTree = "<group>";
		};
		77E1B8EC29142D3B00F1CD2C /* VirtualPantryUITests */ = {
			isa = PBXGroup;
			children = (
				77E1B8ED29142D3B00F1CD2C /* VirtualPantryUITests.swift */,
				77E1B8EF29142D3B00F1CD2C /* VirtualPantryUITestsLaunchTests.swift */,
			);
			path = VirtualPantryUITests;
			sourceTree = "<group>";
		};
/* End PBXGroup section */

/* Begin PBXNativeTarget section */
		77E1B8CE29142D3800F1CD2C /* VirtualPantry */ = {
			isa = PBXNativeTarget;
			buildConfigurationList = 77E1B8F329142D3B00F1CD2C /* Build configuration list for PBXNativeTarget "VirtualPantry" */;
			buildPhases = (
				77E1B8CB29142D3800F1CD2C /* Sources */,
				77E1B8CC29142D3800F1CD2C /* Frameworks */,
				77E1B8CD29142D3800F1CD2C /* Resources */,
			);
			buildRules = (
			);
			dependencies = (
			);
			name = VirtualPantry;
			productName = VirtualPantry;
			productReference = 77E1B8CF29142D3800F1CD2C /* VirtualPantry.app */;
			productType = "com.apple.product-type.application";
		};
		77E1B8DE29142D3B00F1CD2C /* VirtualPantryTests */ = {
			isa = PBXNativeTarget;
			buildConfigurationList = 77E1B8F629142D3B00F1CD2C /* Build configuration list for PBXNativeTarget "VirtualPantryTests" */;
			buildPhases = (
				77E1B8DB29142D3B00F1CD2C /* Sources */,
				77E1B8DC29142D3B00F1CD2C /* Frameworks */,
				77E1B8DD29142D3B00F1CD2C /* Resources */,
			);
			buildRules = (
			);
			dependencies = (
				77E1B8E129142D3B00F1CD2C /* PBXTargetDependency */,
			);
			name = VirtualPantryTests;
			productName = VirtualPantryTests;
			productReference = 77E1B8DF29142D3B00F1CD2C /* VirtualPantryTests.xctest */;
			productType = "com.apple.product-type.bundle.unit-test";
		};
		77E1B8E829142D3B00F1CD2C /* VirtualPantryUITests */ = {
			isa = PBXNativeTarget;
			buildConfigurationList = 77E1B8F929142D3B00F1CD2C /* Build configuration list for PBXNativeTarget "VirtualPantryUITests" */;
			buildPhases = (
				77E1B8E529142D3B00F1CD2C /* Sources */,
				77E1B8E629142D3B00F1CD2C /* Frameworks */,
				77E1B8E729142D3B00F1CD2C /* Resources */,
			);
			buildRules = (
			);
			dependencies = (
				77E1B8EB29142D3B00F1CD2C /* PBXTargetDependency */,
			);
			name = VirtualPantryUITests;
			productName = VirtualPantryUITests;
			productReference = 77E1B8E929142D3B00F1CD2C /* VirtualPantryUITests.xctest */;
			productType = "com.apple.product-type.bundle.ui-testing";
		};
/* End PBXNativeTarget section */

/* Begin PBXProject section */
		77E1B8C729142D3800F1CD2C /* Project object */ = {
			isa = PBXProject;
			attributes = {
				BuildIndependentTargetsInParallel = 1;
				LastSwiftUpdateCheck = 1410;
				LastUpgradeCheck = 1410;
				TargetAttributes = {
					77E1B8CE29142D3800F1CD2C = {
						CreatedOnToolsVersion = 14.1;
					};
					77E1B8DE29142D3B00F1CD2C = {
						CreatedOnToolsVersion = 14.1;
						TestTargetID = 77E1B8CE29142D3800F1CD2C;
					};
					77E1B8E829142D3B00F1CD2C = {
						CreatedOnToolsVersion = 14.1;
						TestTargetID = 77E1B8CE29142D3800F1CD2C;
					};
				};
			};
			buildConfigurationList = 77E1B8CA29142D3800F1CD2C /* Build configuration list for PBXProject "VirtualPantry" */;
			compatibilityVersion = "Xcode 14.0";
			developmentRegion = en;
			hasScannedForEncodings = 0;
			knownRegions = (
				en,
				Base,
			);
			mainGroup = 77E1B8C629142D3800F1CD2C;
			productRefGroup = 77E1B8D029142D3800F1CD2C /* Products */;
			projectDirPath = "";
			projectRoot = "";
			targets = (
				77E1B8CE29142D3800F1CD2C /* VirtualPantry */,
				77E1B8DE29142D3B00F1CD2C /* VirtualPantryTests */,
				77E1B8E829142D3B00F1CD2C /* VirtualPantryUITests */,
			);
		};
/* End PBXProject section */

/* Begin PBXResourcesBuildPhase section */
		77E1B8CD29142D3800F1CD2C /* Resources */ = {
			isa = PBXResourcesBuildPhase;
			buildActionMask = 2147483647;
			files = (
				77E1B8DA29142D3A00F1CD2C /* Preview Assets.xcassets in Resources */,
				77E1B8D729142D3A00F1CD2C /* Assets.xcassets in Resources */,
			);
			runOnlyForDeploymentPostprocessing = 0;
		};
		77E1B8DD29142D3B00F1CD2C /* Resources */ = {
			isa = PBXResourcesBuildPhase;
			buildActionMask = 2147483647;
			files = (
			);
			runOnlyForDeploymentPostprocessing = 0;
		};
		77E1B8E729142D3B00F1CD2C /* Resources */ = {
			isa = PBXResourcesBuildPhase;
			buildActionMask = 2147483647;
			files = (
			);
			runOnlyForDeploymentPostprocessing = 0;
		};
/* End PBXResourcesBuildPhase section */

/* Begin PBXSourcesBuildPhase section */
		77E1B8CB29142D3800F1CD2C /* Sources */ = {
			isa = PBXSourcesBuildPhase;
			buildActionMask = 2147483647;
			files = (
				77E1B8D529142D3800F1CD2C /* ContentView.swift in Sources */,
				77E1B8D329142D3800F1CD2C /* VirtualPantryApp.swift in Sources */,
			);
			runOnlyForDeploymentPostprocessing = 0;
		};
		77E1B8DB29142D3B00F1CD2C /* Sources */ = {
			isa = PBXSourcesBuildPhase;
			buildActionMask = 2147483647;
			files = (
				77E1B8E429142D3B00F1CD2C /* VirtualPantryTests.swift in Sources */,
			);
			runOnlyForDeploymentPostprocessing = 0;
		};
		77E1B8E529142D3B00F1CD2C /* Sources */ = {
			isa = PBXSourcesBuildPhase;
			buildActionMask = 2147483647;
			files = (
				77E1B8F029142D3B00F1CD2C /* VirtualPantryUITestsLaunchTests.swift in Sources */,
				77E1B8EE29142D3B00F1CD2C /* VirtualPantryUITests.swift in Sources */,
			);
			runOnlyForDeploymentPostprocessing = 0;
		};
/* End PBXSourcesBuildPhase section */

/* Begin PBXTargetDependency section */
		77E1B8E129142D3B00F1CD2C /* PBXTargetDependency */ = {
			isa = PBXTargetDependency;
			target = 77E1B8CE29142D3800F1CD2C /* VirtualPantry */;
			targetProxy = 77E1B8E029142D3B00F1CD2C /* PBXContainerItemProxy */;
		};
		77E1B8EB29142D3B00F1CD2C /* PBXTargetDependency */ = {
			isa = PBXTargetDependency;
			target = 77E1B8CE29142D3800F1CD2C /* VirtualPantry */;
			targetProxy = 77E1B8EA29142D3B00F1CD2C /* PBXContainerItemProxy */;
		};
/* End PBXTargetDependency section */

/* Begin XCBuildConfiguration section */
		77E1B8F129142D3B00F1CD2C /* Debug */ = {
			isa = XCBuildConfiguration;
			buildSettings = {
				ALWAYS_SEARCH_USER_PATHS = NO;
				CLANG_ANALYZER_NONNULL = YES;
				CLANG_ANALYZER_NUMBER_OBJECT_CONVERSION = YES_AGGRESSIVE;
				CLANG_CXX_LANGUAGE_STANDARD = "gnu++20";
				CLANG_ENABLE_MODULES = YES;
				CLANG_ENABLE_OBJC_ARC = YES;
				CLANG_ENABLE_OBJC_WEAK = YES;
				CLANG_WARN_BLOCK_CAPTURE_AUTORELEASING = YES;
				CLANG_WARN_BOOL_CONVERSION = YES;
				CLANG_WARN_COMMA = YES;
				CLANG_WARN_CONSTANT_CONVERSION = YES;
				CLANG_WARN_DEPRECATED_OBJC_IMPLEMENTATIONS = YES;
				CLANG_WARN_DIRECT_OBJC_ISA_USAGE = YES_ERROR;
				CLANG_WARN_DOCUMENTATION_COMMENTS = YES;
				CLANG_WARN_EMPTY_BODY = YES;
				CLANG_WARN_ENUM_CONVERSION = YES;
				CLANG_WARN_INFINITE_RECURSION = YES;
				CLANG_WARN_INT_CONVERSION = YES;
				CLANG_WARN_NON_LITERAL_NULL_CONVERSION = YES;
				CLANG_WARN_OBJC_IMPLICIT_RETAIN_SELF = YES;
				CLANG_WARN_OBJC_LITERAL_CONVERSION = YES;
				CLANG_WARN_OBJC_ROOT_CLASS = YES_ERROR;
				CLANG_WARN_QUOTED_INCLUDE_IN_FRAMEWORK_HEADER = YES;
				CLANG_WARN_RANGE_LOOP_ANALYSIS = YES;
				CLANG_WARN_STRICT_PROTOTYPES = YES;
				CLANG_WARN_SUSPICIOUS_MOVE = YES;
				CLANG_WARN_UNGUARDED_AVAILABILITY = YES_AGGRESSIVE;
				CLANG_WARN_UNREACHABLE_CODE = YES;
				CLANG_WARN__DUPLICATE_METHOD_MATCH = YES;
				COPY_PHASE_STRIP = NO;
				DEBUG_INFORMATION_FORMAT = dwarf;
				ENABLE_STRICT_OBJC_MSGSEND = YES;
				ENABLE_TESTABILITY = YES;
				GCC_C_LANGUAGE_STANDARD = gnu11;
				GCC_DYNAMIC_NO_PIC = NO;
				GCC_NO_COMMON_BLOCKS = YES;
				GCC_OPTIMIZATION_LEVEL = 0;
				GCC_PREPROCESSOR_DEFINITIONS = (
					"DEBUG=1",
					"$(inherited)",
				);
				GCC_WARN_64_TO_32_BIT_CONVERSION = YES;
				GCC_WARN_ABOUT_RETURN_TYPE = YES_ERROR;
				GCC_WARN_UNDECLARED_SELECTOR = YES;
				GCC_WARN_UNINITIALIZED_AUTOS = YES_AGGRESSIVE;
				GCC_WARN_UNUSED_FUNCTION = YES;
				GCC_WARN_UNUSED_VARIABLE = YES;
				IPHONEOS_DEPLOYMENT_TARGET = 16.1;
				MTL_ENABLE_DEBUG_INFO = INCLUDE_SOURCE;
				MTL_FAST_MATH = YES;
				ONLY_ACTIVE_ARCH = YES;
				SDKROOT = iphoneos;
				SWIFT_ACTIVE_COMPILATION_CONDITIONS = DEBUG;
				SWIFT_OPTIMIZATION_LEVEL = "-Onone";
			};
			name = Debug;
		};
		77E1B8F229142D3B00F1CD2C /* Release */ = {
			isa = XCBuildConfiguration;
			buildSettings = {
				ALWAYS_SEARCH_USER_PATHS = NO;
				CLANG_ANALYZER_NONNULL = YES;
				CLANG_ANALYZER_NUMBER_OBJECT_CONVERSION = YES_AGGRESSIVE;
				CLANG_CXX_LANGUAGE_STANDARD = "gnu++20";
				CLANG_ENABLE_MODULES = YES;
				CLANG_ENABLE_OBJC_ARC = YES;
				CLANG_ENABLE_OBJC_WEAK = YES;
				CLANG_WARN_BLOCK_CAPTURE_AUTORELEASING = YES;
				CLANG_WARN_BOOL_CONVERSION = YES;
				CLANG_WARN_COMMA = YES;
				CLANG_WARN_CONSTANT_CONVERSION = YES;
				CLANG_WARN_DEPRECATED_OBJC_IMPLEMENTATIONS = YES;
				CLANG_WARN_DIRECT_OBJC_ISA_USAGE = YES_ERROR;
				CLANG_WARN_DOCUMENTATION_COMMENTS = YES;
				CLANG_WARN_EMPTY_BODY = YES;
				CLANG_WARN_ENUM_CONVERSION = YES;
				CLANG_WARN_INFINITE_RECURSION = YES;
				CLANG_WARN_INT_CONVERSION = YES;
				CLANG_WARN_NON_LITERAL_NULL_CONVERSION = YES;
				CLANG_WARN_OBJC_IMPLICIT_RETAIN_SELF = YES;
				CLANG_WARN_OBJC_LITERAL_CONVERSION = YES;
				CLANG_WARN_OBJC_ROOT_CLASS = YES_ERROR;
				CLANG_WARN_QUOTED_INCLUDE_IN_FRAMEWORK_HEADER = YES;
				CLANG_WARN_RANGE_LOOP_ANALYSIS = YES;
				CLANG_WARN_STRICT_PROTOTYPES = YES;
				CLANG_WARN_SUSPICIOUS_MOVE = YES;
				CLANG_WARN_UNGUARDED_AVAILABILITY = YES_AGGRESSIVE;
				CLANG_WARN_UNREACHABLE_CODE = YES;
				CLANG_WARN__DUPLICATE_METHOD_MATCH = YES;
				COPY_PHASE_STRIP = NO;
				DEBUG_INFORMATION_FORMAT = "dwarf-with-dsym";
				ENABLE_NS_ASSERTIONS = NO;
				ENABLE_STRICT_OBJC_MSGSEND = YES;
				GCC_C_LANGUAGE_STANDARD = gnu11;
				GCC_NO_COMMON_BLOCKS = YES;
				GCC_WARN_64_TO_32_BIT_CONVERSION = YES;
				GCC_WARN_ABOUT_RETURN_TYPE = YES_ERROR;
				GCC_WARN_UNDECLARED_SELECTOR = YES;
				GCC_WARN_UNINITIALIZED_AUTOS = YES_AGGRESSIVE;
				GCC_WARN_UNUSED_FUNCTION = YES;
				GCC_WARN_UNUSED_VARIABLE = YES;
				IPHONEOS_DEPLOYMENT_TARGET = 16.1;
				MTL_ENABLE_DEBUG_INFO = NO;
				MTL_FAST_MATH = YES;
				SDKROOT = iphoneos;
				SWIFT_COMPILATION_MODE = wholemodule;
				SWIFT_OPTIMIZATION_LEVEL = "-O";
				VALIDATE_PRODUCT = YES;
			};
			name = Release;
		};
		77E1B8F429142D3B00F1CD2C /* Debug */ = {
			isa = XCBuildConfiguration;
			buildSettings = {
				ASSETCATALOG_COMPILER_APPICON_NAME = AppIcon;
				ASSETCATALOG_COMPILER_GLOBAL_ACCENT_COLOR_NAME = AccentColor;
				CODE_SIGN_STYLE = Automatic;
				CURRENT_PROJECT_VERSION = 1;
				DEVELOPMENT_ASSET_PATHS = "\"VirtualPantry/Preview Content\"";
				ENABLE_PREVIEWS = YES;
				GENERATE_INFOPLIST_FILE = YES;
				INFOPLIST_KEY_UIApplicationSceneManifest_Generation = YES;
				INFOPLIST_KEY_UIApplicationSupportsIndirectInputEvents = YES;
				INFOPLIST_KEY_UILaunchScreen_Generation = YES;
				INFOPLIST_KEY_UISupportedInterfaceOrientations_iPad = "UIInterfaceOrientationPortrait UIInterfaceOrientationPortraitUpsideDown UIInterfaceOrientationLandscapeLeft UIInterfaceOrientationLandscapeRight";
				INFOPLIST_KEY_UISupportedInterfaceOrientations_iPhone = "UIInterfaceOrientationPortrait UIInterfaceOrientationLandscapeLeft UIInterfaceOrientationLandscapeRight";
				LD_RUNPATH_SEARCH_PATHS = (
					"$(inherited)",
					"@executable_path/Frameworks",
				);
				MARKETING_VERSION = 1.0;
				PRODUCT_BUNDLE_IDENTIFIER = com.jamesdansie.VirtualPantry;
				PRODUCT_NAME = "$(TARGET_NAME)";
				SWIFT_EMIT_LOC_STRINGS = YES;
				SWIFT_VERSION = 5.0;
				TARGETED_DEVICE_FAMILY = "1,2";
			};
			name = Debug;
		};
		77E1B8F529142D3B00F1CD2C /* Release */ = {
			isa = XCBuildConfiguration;
			buildSettings = {
				ASSETCATALOG_COMPILER_APPICON_NAME = AppIcon;
				ASSETCATALOG_COMPILER_GLOBAL_ACCENT_COLOR_NAME = AccentColor;
				CODE_SIGN_STYLE = Automatic;
				CURRENT_PROJECT_VERSION = 1;
				DEVELOPMENT_ASSET_PATHS = "\"VirtualPantry/Preview Content\"";
				ENABLE_PREVIEWS = YES;
				GENERATE_INFOPLIST_FILE = YES;
				INFOPLIST_KEY_UIApplicationSceneManifest_Generation = YES;
				INFOPLIST_KEY_UIApplicationSupportsIndirectInputEvents = YES;
				INFOPLIST_KEY_UILaunchScreen_Generation = YES;
				INFOPLIST_KEY_UISupportedInterfaceOrientations_iPad = "UIInterfaceOrientationPortrait UIInterfaceOrientationPortraitUpsideDown UIInterfaceOrientationLandscapeLeft UIInterfaceOrientationLandscapeRight";
				INFOPLIST_KEY_UISupportedInterfaceOrientations_iPhone = "UIInterfaceOrientationPortrait UIInterfaceOrientationLandscapeLeft UIInterfaceOrientationLandscapeRight";
				LD_RUNPATH_SEARCH_PATHS = (
					"$(inherited)",
					"@executable_path/Frameworks",
				);
				MARKETING_VERSION = 1.0;
				PRODUCT_BUNDLE_IDENTIFIER = com.jamesdansie.VirtualPantry;
				PRODUCT_NAME = "$(TARGET_NAME)";
				SWIFT_EMIT_LOC_STRINGS = YES;
				SWIFT_VERSION = 5.0;
				TARGETED_DEVICE_FAMILY = "1,2";
			};
			name = Release;
		};
		77E1B8F729142D3B00F1CD2C /* Debug */ = {
			isa = XCBuildConfiguration;
			buildSettings = {
				ALWAYS_EMBED_SWIFT_STANDARD_LIBRARIES = YES;
				BUNDLE_LOADER = "$(TEST_HOST)";
				CODE_SIGN_STYLE = Automatic;
				CURRENT_PROJECT_VERSION = 1;
				GENERATE_INFOPLIST_FILE = YES;
				IPHONEOS_DEPLOYMENT_TARGET = 16.1;
				MARKETING_VERSION = 1.0;
				PRODUCT_BUNDLE_IDENTIFIER = com.jamesdansie.VirtualPantryTests;
				PRODUCT_NAME = "$(TARGET_NAME)";
				SWIFT_EMIT_LOC_STRINGS = NO;
				SWIFT_VERSION = 5.0;
				TARGETED_DEVICE_FAMILY = "1,2";
				TEST_HOST = "$(BUILT_PRODUCTS_DIR)/VirtualPantry.app/$(BUNDLE_EXECUTABLE_FOLDER_PATH)/VirtualPantry";
			};
			name = Debug;
		};
		77E1B8F829142D3B00F1CD2C /* Release */ = {
			isa = XCBuildConfiguration;
			buildSettings = {
				ALWAYS_EMBED_SWIFT_STANDARD_LIBRARIES = YES;
				BUNDLE_LOADER = "$(TEST_HOST)";
				CODE_SIGN_STYLE = Automatic;
				CURRENT_PROJECT_VERSION = 1;
				GENERATE_INFOPLIST_FILE = YES;
				IPHONEOS_DEPLOYMENT_TARGET = 16.1;
				MARKETING_VERSION = 1.0;
				PRODUCT_BUNDLE_IDENTIFIER = com.jamesdansie.VirtualPantryTests;
				PRODUCT_NAME = "$(TARGET_NAME)";
				SWIFT_EMIT_LOC_STRINGS = NO;
				SWIFT_VERSION = 5.0;
				TARGETED_DEVICE_FAMILY = "1,2";
				TEST_HOST = "$(BUILT_PRODUCTS_DIR)/VirtualPantry.app/$(BUNDLE_EXECUTABLE_FOLDER_PATH)/VirtualPantry";
			};
			name = Release;
		};
		77E1B8FA29142D3B00F1CD2C /* Debug */ = {
			isa = XCBuildConfiguration;
			buildSettings = {
				ALWAYS_EMBED_SWIFT_STANDARD_LIBRARIES = YES;
				CODE_SIGN_STYLE = Automatic;
				CURRENT_PROJECT_VERSION = 1;
				GENERATE_INFOPLIST_FILE = YES;
				MARKETING_VERSION = 1.0;
				PRODUCT_BUNDLE_IDENTIFIER = com.jamesdansie.VirtualPantryUITests;
				PRODUCT_NAME = "$(TARGET_NAME)";
				SWIFT_EMIT_LOC_STRINGS = NO;
				SWIFT_VERSION = 5.0;
				TARGETED_DEVICE_FAMILY = "1,2";
				TEST_TARGET_NAME = VirtualPantry;
			};
			name = Debug;
		};
		77E1B8FB29142D3B00F1CD2C /* Release */ = {
			isa = XCBuildConfiguration;
			buildSettings = {
				ALWAYS_EMBED_SWIFT_STANDARD_LIBRARIES = YES;
				CODE_SIGN_STYLE = Automatic;
				CURRENT_PROJECT_VERSION = 1;
				GENERATE_INFOPLIST_FILE = YES;
				MARKETING_VERSION = 1.0;
				PRODUCT_BUNDLE_IDENTIFIER = com.jamesdansie.VirtualPantryUITests;
				PRODUCT_NAME = "$(TARGET_NAME)";
				SWIFT_EMIT_LOC_STRINGS = NO;
				SWIFT_VERSION = 5.0;
				TARGETED_DEVICE_FAMILY = "1,2";
				TEST_TARGET_NAME = VirtualPantry;
			};
			name = Release;
		};
/* End XCBuildConfiguration section */

/* Begin XCConfigurationList section */
		77E1B8CA29142D3800F1CD2C /* Build configuration list for PBXProject "VirtualPantry" */ = {
			isa = XCConfigurationList;
			buildConfigurations = (
				77E1B8F129142D3B00F1CD2C /* Debug */,
				77E1B8F229142D3B00F1CD2C /* Release */,
			);
			defaultConfigurationIsVisible = 0;
			defaultConfigurationName = Release;
		};
		77E1B8F329142D3B00F1CD2C /* Build configuration list for PBXNativeTarget "VirtualPantry" */ = {
			isa = XCConfigurationList;
			buildConfigurations = (
				77E1B8F429142D3B00F1CD2C /* Debug */,
				77E1B8F529142D3B00F1CD2C /* Release */,
			);
			defaultConfigurationIsVisible = 0;
			defaultConfigurationName = Release;
		};
		77E1B8F629142D3B00F1CD2C /* Build configuration list for PBXNativeTarget "VirtualPantryTests" */ = {
			isa = XCConfigurationList;
			buildConfigurations = (
				77E1B8F729142D3B00F1CD2C /* Debug */,
				77E1B8F829142D3B00F1CD2C /* Release */,
			);
			defaultConfigurationIsVisible = 0;
			defaultConfigurationName = Release;
		};
		77E1B8F929142D3B00F1CD2C /* Build configuration list for PBXNativeTarget "VirtualPantryUITests" */ = {
			isa = XCConfigurationList;
			buildConfigurations = (
				77E1B8FA29142D3B00F1CD2C /* Debug */,
				77E1B8FB29142D3B00F1CD2C /* Release */,
			);
			defaultConfigurationIsVisible = 0;
			defaultConfigurationName = Release;
		};
/* End XCConfigurationList section */
	};
	rootObject = 77E1B8C729142D3800F1CD2C /* Project object */;
}
